
Microsoft Visual Studio Solution File, Format Version 12.00
# Visual Studio Version 17
VisualStudioVersion = 17.14.36518.9 d17.14
MinimumVisualStudioVersion = 10.0.40219.1
Project("{FAE04EC0-301F-11D3-BF4B-00C04F79EFBC}") = "WinFormsApp3", "WinFormsApp3\WinFormsApp3.csproj", "{082164FA-189A-4BB9-8E9A-16B4E4B32438}"
EndProject
Global
	GlobalSection(SolutionConfigurationPlatforms) = preSolution
		Debug|Any CPU = Debug|Any CPU
		Release|Any CPU = Release|Any CPU
	EndGlobalSection
	GlobalSection(ProjectConfigurationPlatforms) = postSolution
		{082164FA-189A-4BB9-8E9A-16B4E4B32438}.Debug|Any CPU.ActiveCfg = Debug|Any CPU
		{082164FA-189A-4BB9-8E9A-16B4E4B32438}.Debug|Any CPU.Build.0 = Debug|Any CPU
		{082164FA-189A-4BB9-8E9A-16B4E4B32438}.Release|Any CPU.ActiveCfg = Release|Any CPU
		{082164FA-189A-4BB9-8E9A-16B4E4B32438}.Release|Any CPU.Build.0 = Release|Any CPU
	EndGlobalSection
	GlobalSection(SolutionProperties) = preSolution
		HideSolutionNode = FALSE
	EndGlobalSection
	GlobalSection(ExtensibilityGlobals) = postSolution
		SolutionGuid = {58192828-E56E-44E2-A221-AAFA58E990FF}
	EndGlobalSection
EndGlobal
